
Microsoft Visual Studio Solution File, Format Version 12.00
# Visual Studio 15
VisualStudioVersion = 15.0.28307.136
MinimumVisualStudioVersion = 10.0.40219.1
Project("{FAE04EC0-301F-11D3-BF4B-00C04F79EFBC}") = "MonzoPotSweeper", "MonzoPotSweeper\MonzoPotSweeper.csproj", "{57781304-D3CD-474D-9C92-B02230E2CC1D}"
EndProject
Global
	GlobalSection(SolutionConfigurationPlatforms) = preSolution
		Debug|Any CPU = Debug|Any CPU
		Release|Any CPU = Release|Any CPU
	EndGlobalSection
	GlobalSection(ProjectConfigurationPlatforms) = postSolution
		{57781304-D3CD-474D-9C92-B02230E2CC1D}.Debug|Any CPU.ActiveCfg = Debug|Any CPU
		{57781304-D3CD-474D-9C92-B02230E2CC1D}.Debug|Any CPU.Build.0 = Debug|Any CPU
		{57781304-D3CD-474D-9C92-B02230E2CC1D}.Release|Any CPU.ActiveCfg = Release|Any CPU
		{57781304-D3CD-474D-9C92-B02230E2CC1D}.Release|Any CPU.Build.0 = Release|Any CPU
	EndGlobalSection
	GlobalSection(SolutionProperties) = preSolution
		HideSolutionNode = FALSE
	EndGlobalSection
	GlobalSection(ExtensibilityGlobals) = postSolution
		SolutionGuid = {726BDCE6-86F2-4EB1-8BF2-CD494C1B9590}
	EndGlobalSection
EndGlobal
